
Microsoft Visual Studio Solution File, Format Version 12.00
# Visual Studio 15
VisualStudioVersion = 15.0.26430.12
MinimumVisualStudioVersion = 10.0.40219.1
Project("{FAE04EC0-301F-11D3-BF4B-00C04F79EFBC}") = "MortezazadehDCM", "MortezazadehDCM\MortezazadehDCM.csproj", "{31730ECD-15DC-493F-B4BE-69BB11F93C87}"
EndProject
Project("{FAE04EC0-301F-11D3-BF4B-00C04F79EFBC}") = "EsiWinClient", "EsiWinClient\EsiWinClient.csproj", "{88F941FC-49D9-4B8A-BA1D-D94683F912A6}"
EndProject
Project("{FAE04EC0-301F-11D3-BF4B-00C04F79EFBC}") = "MagicManager", "MagicManager\MagicManager.csproj", "{6E5E583C-9A3A-42ED-BDA0-2B007004802C}"
EndProject
Global
	GlobalSection(SolutionConfigurationPlatforms) = preSolution
		Debug|Any CPU = Debug|Any CPU
		Release|Any CPU = Release|Any CPU
	EndGlobalSection
	GlobalSection(ProjectConfigurationPlatforms) = postSolution
		{31730ECD-15DC-493F-B4BE-69BB11F93C87}.Debug|Any CPU.ActiveCfg = Debug|Any CPU
		{31730ECD-15DC-493F-B4BE-69BB11F93C87}.Debug|Any CPU.Build.0 = Debug|Any CPU
		{31730ECD-15DC-493F-B4BE-69BB11F93C87}.Release|Any CPU.ActiveCfg = Release|Any CPU
		{31730ECD-15DC-493F-B4BE-69BB11F93C87}.Release|Any CPU.Build.0 = Release|Any CPU
		{88F941FC-49D9-4B8A-BA1D-D94683F912A6}.Debug|Any CPU.ActiveCfg = Debug|Any CPU
		{88F941FC-49D9-4B8A-BA1D-D94683F912A6}.Debug|Any CPU.Build.0 = Debug|Any CPU
		{88F941FC-49D9-4B8A-BA1D-D94683F912A6}.Release|Any CPU.ActiveCfg = Release|Any CPU
		{88F941FC-49D9-4B8A-BA1D-D94683F912A6}.Release|Any CPU.Build.0 = Release|Any CPU
		{6E5E583C-9A3A-42ED-BDA0-2B007004802C}.Debug|Any CPU.ActiveCfg = Debug|Any CPU
		{6E5E583C-9A3A-42ED-BDA0-2B007004802C}.Debug|Any CPU.Build.0 = Debug|Any CPU
		{6E5E583C-9A3A-42ED-BDA0-2B007004802C}.Release|Any CPU.ActiveCfg = Release|Any CPU
		{6E5E583C-9A3A-42ED-BDA0-2B007004802C}.Release|Any CPU.Build.0 = Release|Any CPU
	EndGlobalSection
	GlobalSection(SolutionProperties) = preSolution
		HideSolutionNode = FALSE
	EndGlobalSection
	GlobalSection(TeamFoundationVersionControl) = preSolution
		SccNumberOfProjects = 4
		SccEnterpriseProvider = {4CA58AB2-18FA-4F8D-95D4-32DDF27D184C}
		SccTeamFoundationServer = https://esicloud-outlook.visualstudio.com/
		SccLocalPath0 = .
		SccProjectUniqueName1 = EsiWinClient\\EsiWinClient.csproj
		SccProjectName1 = EsiWinClient
		SccLocalPath1 = EsiWinClient
		SccProjectUniqueName2 = MortezazadehDCM\\MortezazadehDCM.csproj
		SccProjectName2 = MortezazadehDCM
		SccLocalPath2 = MortezazadehDCM
		SccProjectUniqueName3 = MagicManager\\MagicManager.csproj
		SccProjectName3 = MagicManager
		SccLocalPath3 = MagicManager
	EndGlobalSection
EndGlobal
